
Microsoft Visual Studio Solution File, Format Version 11.00
# Visual Studio 2010
Project("{8BC9CEB8-8B4A-11D0-8D11-00A0C91BC942}") = "TradeViewer", "TradeViewer\TradeViewer.vcxproj", "{E75E2896-3509-4D49-9336-B0E827F71FE0}"
EndProject
Global
	GlobalSection(SolutionConfigurationPlatforms) = preSolution
		Debug|Win32 = Debug|Win32
		Release|Win32 = Release|Win32
	EndGlobalSection
	GlobalSection(ProjectConfigurationPlatforms) = postSolution
		{E75E2896-3509-4D49-9336-B0E827F71FE0}.Debug|Win32.ActiveCfg = Debug|Win32
		{E75E2896-3509-4D49-9336-B0E827F71FE0}.Debug|Win32.Build.0 = Debug|Win32
		{E75E2896-3509-4D49-9336-B0E827F71FE0}.Release|Win32.ActiveCfg = Release|Win32
		{E75E2896-3509-4D49-9336-B0E827F71FE0}.Release|Win32.Build.0 = Release|Win32
	EndGlobalSection
	GlobalSection(SolutionProperties) = preSolution
		HideSolutionNode = FALSE
	EndGlobalSection
EndGlobal
